
Microsoft Visual Studio Solution File, Format Version 12.00
# Visual Studio Version 16
VisualStudioVersion = 16.0.31112.23
MinimumVisualStudioVersion = 10.0.40219.1
Project("{9A19103F-16F7-4668-BE54-9A1E7A4F7556}") = "HealthTrackerAPI", "HealthTrackerAPI\HealthTrackerAPI.csproj", "{C0BB1FD1-2AB1-4A60-A068-26D754E63143}"
EndProject
Project("{E53339B2-1760-4266-BCC7-CA923CBCF16C}") = "docker-compose", "docker-compose.dcproj", "{5756304E-DBBF-4AA2-9E59-802C5CDE82E0}"
EndProject
Global
	GlobalSection(SolutionConfigurationPlatforms) = preSolution
		Debug|Any CPU = Debug|Any CPU
		Release|Any CPU = Release|Any CPU
	EndGlobalSection
	GlobalSection(ProjectConfigurationPlatforms) = postSolution
		{C0BB1FD1-2AB1-4A60-A068-26D754E63143}.Debug|Any CPU.ActiveCfg = Debug|Any CPU
		{C0BB1FD1-2AB1-4A60-A068-26D754E63143}.Debug|Any CPU.Build.0 = Debug|Any CPU
		{C0BB1FD1-2AB1-4A60-A068-26D754E63143}.Release|Any CPU.ActiveCfg = Release|Any CPU
		{C0BB1FD1-2AB1-4A60-A068-26D754E63143}.Release|Any CPU.Build.0 = Release|Any CPU
		{5756304E-DBBF-4AA2-9E59-802C5CDE82E0}.Debug|Any CPU.ActiveCfg = Debug|Any CPU
		{5756304E-DBBF-4AA2-9E59-802C5CDE82E0}.Debug|Any CPU.Build.0 = Debug|Any CPU
		{5756304E-DBBF-4AA2-9E59-802C5CDE82E0}.Release|Any CPU.ActiveCfg = Release|Any CPU
		{5756304E-DBBF-4AA2-9E59-802C5CDE82E0}.Release|Any CPU.Build.0 = Release|Any CPU
	EndGlobalSection
	GlobalSection(SolutionProperties) = preSolution
		HideSolutionNode = FALSE
	EndGlobalSection
	GlobalSection(ExtensibilityGlobals) = postSolution
		SolutionGuid = {4D8137BA-EC6C-47B0-AB53-B78744721C48}
	EndGlobalSection
EndGlobal
